
Microsoft Visual Studio Solution File, Format Version 12.00
# Visual Studio Version 16
VisualStudioVersion = 16.0.32228.343
MinimumVisualStudioVersion = 10.0.40219.1
Project("{FAE04EC0-301F-11D3-BF4B-00C04F79EFBC}") = "charge-wise-api", "charge-wise-api.csproj", "{8627B72F-B835-4F25-8D69-030E673F1A97}"
EndProject
Global
	GlobalSection(SolutionConfigurationPlatforms) = preSolution
		Debug|Any CPU = Debug|Any CPU
		Release|Any CPU = Release|Any CPU
	EndGlobalSection
	GlobalSection(ProjectConfigurationPlatforms) = postSolution
		{8627B72F-B835-4F25-8D69-030E673F1A97}.Debug|Any CPU.ActiveCfg = Debug|Any CPU
		{8627B72F-B835-4F25-8D69-030E673F1A97}.Debug|Any CPU.Build.0 = Debug|Any CPU
		{8627B72F-B835-4F25-8D69-030E673F1A97}.Release|Any CPU.ActiveCfg = Release|Any CPU
		{8627B72F-B835-4F25-8D69-030E673F1A97}.Release|Any CPU.Build.0 = Release|Any CPU
	EndGlobalSection
	GlobalSection(SolutionProperties) = preSolution
		HideSolutionNode = FALSE
	EndGlobalSection
	GlobalSection(ExtensibilityGlobals) = postSolution
		SolutionGuid = {92F6C479-7238-47C6-82F3-938C67299EFC}
	EndGlobalSection
EndGlobal
